schema: '2.0'
stages:
  load_save_stage:
    cmd: python src/stage_01_load_and_save.py --config=config/config.yaml
    deps:
    - path: config/config.yaml
      md5: d33e6f8c998333c2951b6c4ee22fb12a
      size: 491
    - path: src/stage_01_load_and_save.py
      md5: 23438f329c90af36d05ddbfdc1723abc
      size: 987
    - path: src/utils/all_utils.py
      md5: 51e25752efee5d0f4a0aaf4b2636e5a7
      size: 284
    outs:
    - path: artifacts/raw_local_dir/data.csv
      md5: d7375905f6a3e6fe97a2e31d54f33a55
      size: 886585
